
Microsoft Visual Studio Solution File, Format Version 12.00
# Visual Studio Version 17
VisualStudioVersion = 17.13.35716.79 d17.13
MinimumVisualStudioVersion = 10.0.40219.1
Project("{FAE04EC0-301F-11D3-BF4B-00C04F79EFBC}") = "Counter", "Counter\Counter.csproj", "{B7ECF9E1-6808-4F83-BC8E-C6B940D82304}"
EndProject
Global
	GlobalSection(SolutionConfigurationPlatforms) = preSolution
		Debug|Any CPU = Debug|Any CPU
		Release|Any CPU = Release|Any CPU
	EndGlobalSection
	GlobalSection(ProjectConfigurationPlatforms) = postSolution
		{B7ECF9E1-6808-4F83-BC8E-C6B940D82304}.Debug|Any CPU.ActiveCfg = Debug|Any CPU
		{B7ECF9E1-6808-4F83-BC8E-C6B940D82304}.Debug|Any CPU.Build.0 = Debug|Any CPU
		{B7ECF9E1-6808-4F83-BC8E-C6B940D82304}.Release|Any CPU.ActiveCfg = Release|Any CPU
		{B7ECF9E1-6808-4F83-BC8E-C6B940D82304}.Release|Any CPU.Build.0 = Release|Any CPU
	EndGlobalSection
	GlobalSection(SolutionProperties) = preSolution
		HideSolutionNode = FALSE
	EndGlobalSection
	GlobalSection(ExtensibilityGlobals) = postSolution
		SolutionGuid = {F8E61A3B-2F33-4426-9C37-0FDA8F0F7639}
	EndGlobalSection
EndGlobal
